// !$*UTF8*$!
{
	archiveVersion = 1;
	classes = {
	};
	objectVersion = 46;
	objects = {

/* Begin PBXBuildFile section */
		C46449751D9146EE00D42E7A /* UIView+CellIndetifier.m in Sources */ = {isa = PBXBuildFile; fileRef = C46449741D9146EE00D42E7A /* UIView+CellIndetifier.m */; };
		C474A08C1D6A9E30007AAF37 /* NSArray+GoEmptyJudge.m in Sources */ = {isa = PBXBuildFile; fileRef = C474A08B1D6A9E30007AAF37 /* NSArray+GoEmptyJudge.m */; };
		C4D607BA1D66AA76006C5E55 /* main.m in Sources */ = {isa = PBXBuildFile; fileRef = C4D607B91D66AA76006C5E55 /* main.m */; };
		C4D607BD1D66AA76006C5E55 /* AppDelegate.m in Sources */ = {isa = PBXBuildFile; fileRef = C4D607BC1D66AA76006C5E55 /* AppDelegate.m */; };
		C4D607C01D66AA76006C5E55 /* ViewController.m in Sources */ = {isa = PBXBuildFile; fileRef = C4D607BF1D66AA76006C5E55 /* ViewController.m */; };
		C4D607C31D66AA76006C5E55 /* Main.storyboard in Resources */ = {isa = PBXBuildFile; fileRef = C4D607C11D66AA76006C5E55 /* Main.storyboard */; };
		C4D607C51D66AA76006C5E55 /* Assets.xcassets in Resources */ = {isa = PBXBuildFile; fileRef = C4D607C41D66AA76006C5E55 /* Assets.xcassets */; };
		C4D607C81D66AA76006C5E55 /* LaunchScreen.storyboard in Resources */ = {isa = PBXBuildFile; fileRef = C4D607C61D66AA76006C5E55 /* LaunchScreen.storyboard */; };
		C4D607D31D66AA76006C5E55 /* GoKitDemoTests.m in Sources */ = {isa = PBXBuildFile; fileRef = C4D607D21D66AA76006C5E55 /* GoKitDemoTests.m */; };
		C4D607DE1D66AA76006C5E55 /* GoKitDemoUITests.m in Sources */ = {isa = PBXBuildFile; fileRef = C4D607DD1D66AA76006C5E55 /* GoKitDemoUITests.m */; };
		C4D608211D66B81D006C5E55 /* UIButton+GoBlock.m in Sources */ = {isa = PBXBuildFile; fileRef = C4D6081A1D66B81D006C5E55 /* UIButton+GoBlock.m */; };
		C4D608221D66B81D006C5E55 /* UIImage+GoWaterMark.m in Sources */ = {isa = PBXBuildFile; fileRef = C4D6081D1D66B81D006C5E55 /* UIImage+GoWaterMark.m */; };
		C4D608231D66B81D006C5E55 /* UIView+GoBlur.m in Sources */ = {isa = PBXBuildFile; fileRef = C4D608201D66B81D006C5E55 /* UIView+GoBlur.m */; };
		C4D608261D66B9ED006C5E55 /* TableViewController.m in Sources */ = {isa = PBXBuildFile; fileRef = C4D608251D66B9ED006C5E55 /* TableViewController.m */; };
		C4D6082A1D66BF0D006C5E55 /* UIColor+RandomColor.m in Sources */ = {isa = PBXBuildFile; fileRef = C4D608291D66BF0D006C5E55 /* UIColor+RandomColor.m */; };
		C4D6082D1D66D98F006C5E55 /* UIColor+HexColor.m in Sources */ = {isa = PBXBuildFile; fileRef = C4D6082C1D66D98F006C5E55 /* UIColor+HexColor.m */; };
		C4D608341D66DAF2006C5E55 /* NSData+GoEncryption.m in Sources */ = {isa = PBXBuildFile; fileRef = C4D608331D66DAF2006C5E55 /* NSData+GoEncryption.m */; };
		C4D608381D66DC1E006C5E55 /* NSDictionary+GoJSONSerialization.m in Sources */ = {isa = PBXBuildFile; fileRef = C4D608371D66DC1E006C5E55 /* NSDictionary+GoJSONSerialization.m */; };
		C4D6083B1D66DCCE006C5E55 /* UIView+GoPostionExtension.m in Sources */ = {isa = PBXBuildFile; fileRef = C4D6083A1D66DCCE006C5E55 /* UIView+GoPostionExtension.m */; };
		C4D6083E1D66DECB006C5E55 /* UIView+GoGradientColor.m in Sources */ = {isa = PBXBuildFile; fileRef = C4D6083D1D66DECB006C5E55 /* UIView+GoGradientColor.m */; };
		C4D608411D66DEFF006C5E55 /* UIImage+GoAverageColor.m in Sources */ = {isa = PBXBuildFile; fileRef = C4D608401D66DEFF006C5E55 /* UIImage+GoAverageColor.m */; };
/* End PBXBuildFile section */

/* Begin PBXContainerItemProxy section */
		C4D607CF1D66AA76006C5E55 /* PBXContainerItemProxy */ = {
			isa = PBXContainerItemProxy;
			containerPortal = C4D607AD1D66AA76006C5E55 /* Project object */;
			proxyType = 1;
			remoteGlobalIDString = C4D607B41D66AA76006C5E55;
			remoteInfo = GoKitDemo;
		};
		C4D607DA1D66AA76006C5E55 /* PBXContainerItemProxy */ = {
			isa = PBXContainerItemProxy;
			containerPortal = C4D607AD1D66AA76006C5E55 /* Project object */;
			proxyType = 1;
			remoteGlobalIDString = C4D607B41D66AA76006C5E55;
			remoteInfo = GoKitDemo;
		};
/* End PBXContainerItemProxy section */

/* Begin PBXFileReference section */
		C46449731D9146EE00D42E7A /* UIView+CellIndetifier.h */ = {isa = PBXFileReference; fileEncoding = 4; lastKnownFileType = sourcecode.c.h; path = "UIView+CellIndetifier.h"; sourceTree = "<group>"; };
		C46449741D9146EE00D42E7A /* UIView+CellIndetifier.m */ = {isa = PBXFileReference; fileEncoding = 4; lastKnownFileType = sourcecode.c.objc; path = "UIView+CellIndetifier.m"; sourceTree = "<group>"; };
		C474A08A1D6A9E30007AAF37 /* NSArray+GoEmptyJudge.h */ = {isa = PBXFileReference; fileEncoding = 4; lastKnownFileType = sourcecode.c.h; path = "NSArray+GoEmptyJudge.h"; sourceTree = "<group>"; };
		C474A08B1D6A9E30007AAF37 /* NSArray+GoEmptyJudge.m */ = {isa = PBXFileReference; fileEncoding = 4; lastKnownFileType = sourcecode.c.objc; path = "NSArray+GoEmptyJudge.m"; sourceTree = "<group>"; };
		C4D607B51D66AA76006C5E55 /* GoKitDemo.app */ = {isa = PBXFileReference; explicitFileType = wrapper.application; includeInIndex = 0; path = GoKitDemo.app; sourceTree = BUILT_PRODUCTS_DIR; };
		C4D607B91D66AA76006C5E55 /* main.m */ = {isa = PBXFileReference; lastKnownFileType = sourcecode.c.objc; path = main.m; sourceTree = "<group>"; };
		C4D607BB1D66AA76006C5E55 /* AppDelegate.h */ = {isa = PBXFileReference; lastKnownFileType = sourcecode.c.h; path = AppDelegate.h; sourceTree = "<group>"; };
		C4D607BC1D66AA76006C5E55 /* AppDelegate.m */ = {isa = PBXFileReference; lastKnownFileType = sourcecode.c.objc; path = AppDelegate.m; sourceTree = "<group>"; };
		C4D607BE1D66AA76006C5E55 /* ViewController.h */ = {isa = PBXFileReference; lastKnownFileType = sourcecode.c.h; path = ViewController.h; sourceTree = "<group>"; };
		C4D607BF1D66AA76006C5E55 /* ViewController.m */ = {isa = PBXFileReference; lastKnownFileType = sourcecode.c.objc; path = ViewController.m; sourceTree = "<group>"; };
		C4D607C21D66AA76006C5E55 /* Base */ = {isa = PBXFileReference; lastKnownFileType = file.storyboard; name = Base; path = Base.lproj/Main.storyboard; sourceTree = "<group>"; };
		C4D607C41D66AA76006C5E55 /* Assets.xcassets */ = {isa = PBXFileReference; lastKnownFileType = folder.assetcatalog; path = Assets.xcassets; sourceTree = "<group>"; };
		C4D607C71D66AA76006C5E55 /* Base */ = {isa = PBXFileReference; lastKnownFileType = file.storyboard; name = Base; path = Base.lproj/LaunchScreen.storyboard; sourceTree = "<group>"; };
		C4D607C91D66AA76006C5E55 /* Info.plist */ = {isa = PBXFileReference; lastKnownFileType = text.plist.xml; path = Info.plist; sourceTree = "<group>"; };
		C4D607CE1D66AA76006C5E55 /* GoKitDemoTests.xctest */ = {isa = PBXFileReference; explicitFileType = wrapper.cfbundle; includeInIndex = 0; path = GoKitDemoTests.xctest; sourceTree = BUILT_PRODUCTS_DIR; };
		C4D607D21D66AA76006C5E55 /* GoKitDemoTests.m */ = {isa = PBXFileReference; lastKnownFileType = sourcecode.c.objc; path = GoKitDemoTests.m; sourceTree = "<group>"; };
		C4D607D41D66AA76006C5E55 /* Info.plist */ = {isa = PBXFileReference; lastKnownFileType = text.plist.xml; path = Info.plist; sourceTree = "<group>"; };
		C4D607D91D66AA76006C5E55 /* GoKitDemoUITests.xctest */ = {isa = PBXFileReference; explicitFileType = wrapper.cfbundle; includeInIndex = 0; path = GoKitDemoUITests.xctest; sourceTree = BUILT_PRODUCTS_DIR; };
		C4D607DD1D66AA76006C5E55 /* GoKitDemoUITests.m */ = {isa = PBXFileReference; lastKnownFileType = sourcecode.c.objc; path = GoKitDemoUITests.m; sourceTree = "<group>"; };
		C4D607DF1D66AA76006C5E55 /* Info.plist */ = {isa = PBXFileReference; lastKnownFileType = text.plist.xml; path = Info.plist; sourceTree = "<group>"; };
		C4D608171D66B81D006C5E55 /* GoKit.h */ = {isa = PBXFileReference; fileEncoding = 4; lastKnownFileType = sourcecode.c.h; path = GoKit.h; sourceTree = "<group>"; };
		C4D608191D66B81D006C5E55 /* UIButton+GoBlock.h */ = {isa = PBXFileReference; fileEncoding = 4; lastKnownFileType = sourcecode.c.h; path = "UIButton+GoBlock.h"; sourceTree = "<group>"; };
		C4D6081A1D66B81D006C5E55 /* UIButton+GoBlock.m */ = {isa = PBXFileReference; fileEncoding = 4; lastKnownFileType = sourcecode.c.objc; path = "UIButton+GoBlock.m"; sourceTree = "<group>"; };
		C4D6081C1D66B81D006C5E55 /* UIImage+GoWaterMark.h */ = {isa = PBXFileReference; fileEncoding = 4; lastKnownFileType = sourcecode.c.h; path = "UIImage+GoWaterMark.h"; sourceTree = "<group>"; };
		C4D6081D1D66B81D006C5E55 /* UIImage+GoWaterMark.m */ = {isa = PBXFileReference; fileEncoding = 4; lastKnownFileType = sourcecode.c.objc; path = "UIImage+GoWaterMark.m"; sourceTree = "<group>"; };
		C4D6081F1D66B81D006C5E55 /* UIView+GoBlur.h */ = {isa = PBXFileReference; fileEncoding = 4; lastKnownFileType = sourcecode.c.h; path = "UIView+GoBlur.h"; sourceTree = "<group>"; };
		C4D608201D66B81D006C5E55 /* UIView+GoBlur.m */ = {isa = PBXFileReference; fileEncoding = 4; lastKnownFileType = sourcecode.c.objc; path = "UIView+GoBlur.m"; sourceTree = "<group>"; };
		C4D608241D66B9ED006C5E55 /* TableViewController.h */ = {isa = PBXFileReference; fileEncoding = 4; lastKnownFileType = sourcecode.c.h; path = TableViewController.h; sourceTree = "<group>"; };
		C4D608251D66B9ED006C5E55 /* TableViewController.m */ = {isa = PBXFileReference; fileEncoding = 4; lastKnownFileType = sourcecode.c.objc; path = TableViewController.m; sourceTree = "<group>"; };
		C4D608281D66BF0D006C5E55 /* UIColor+RandomColor.h */ = {isa = PBXFileReference; fileEncoding = 4; lastKnownFileType = sourcecode.c.h; path = "UIColor+RandomColor.h"; sourceTree = "<group>"; };
		C4D608291D66BF0D006C5E55 /* UIColor+RandomColor.m */ = {isa = PBXFileReference; fileEncoding = 4; lastKnownFileType = sourcecode.c.objc; path = "UIColor+RandomColor.m"; sourceTree = "<group>"; };
		C4D6082B1D66D98F006C5E55 /* UIColor+HexColor.h */ = {isa = PBXFileReference; fileEncoding = 4; lastKnownFileType = sourcecode.c.h; path = "UIColor+HexColor.h"; sourceTree = "<group>"; };
		C4D6082C1D66D98F006C5E55 /* UIColor+HexColor.m */ = {isa = PBXFileReference; fileEncoding = 4; lastKnownFileType = sourcecode.c.objc; path = "UIColor+HexColor.m"; sourceTree = "<group>"; };
		C4D608321D66DAF2006C5E55 /* NSData+GoEncryption.h */ = {isa = PBXFileReference; fileEncoding = 4; lastKnownFileType = sourcecode.c.h; path = "NSData+GoEncryption.h"; sourceTree = "<group>"; };
		C4D608331D66DAF2006C5E55 /* NSData+GoEncryption.m */ = {isa = PBXFileReference; fileEncoding = 4; lastKnownFileType = sourcecode.c.objc; path = "NSData+GoEncryption.m"; sourceTree = "<group>"; };
		C4D608361D66DC1E006C5E55 /* NSDictionary+GoJSONSerialization.h */ = {isa = PBXFileReference; fileEncoding = 4; lastKnownFileType = sourcecode.c.h; path = "NSDictionary+GoJSONSerialization.h"; sourceTree = "<group>"; };
		C4D608371D66DC1E006C5E55 /* NSDictionary+GoJSONSerialization.m */ = {isa = PBXFileReference; fileEncoding = 4; lastKnownFileType = sourcecode.c.objc; path = "NSDictionary+GoJSONSerialization.m"; sourceTree = "<group>"; };
		C4D608391D66DCCE006C5E55 /* UIView+GoPostionExtension.h */ = {isa = PBXFileReference; fileEncoding = 4; lastKnownFileType = sourcecode.c.h; path = "UIView+GoPostionExtension.h"; sourceTree = "<group>"; };
		C4D6083A1D66DCCE006C5E55 /* UIView+GoPostionExtension.m */ = {isa = PBXFileReference; fileEncoding = 4; lastKnownFileType = sourcecode.c.objc; path = "UIView+GoPostionExtension.m"; sourceTree = "<group>"; };
		C4D6083C1D66DECB006C5E55 /* UIView+GoGradientColor.h */ = {isa = PBXFileReference; fileEncoding = 4; lastKnownFileType = sourcecode.c.h; path = "UIView+GoGradientColor.h"; sourceTree = "<group>"; };
		C4D6083D1D66DECB006C5E55 /* UIView+GoGradientColor.m */ = {isa = PBXFileReference; fileEncoding = 4; lastKnownFileType = sourcecode.c.objc; path = "UIView+GoGradientColor.m"; sourceTree = "<group>"; };
		C4D6083F1D66DEFF006C5E55 /* UIImage+GoAverageColor.h */ = {isa = PBXFileReference; fileEncoding = 4; lastKnownFileType = sourcecode.c.h; path = "UIImage+GoAverageColor.h"; sourceTree = "<group>"; };
		C4D608401D66DEFF006C5E55 /* UIImage+GoAverageColor.m */ = {isa = PBXFileReference; fileEncoding = 4; lastKnownFileType = sourcecode.c.objc; path = "UIImage+GoAverageColor.m"; sourceTree = "<group>"; };
/* End PBXFileReference section */

/* Begin PBXFrameworksBuildPhase section */
		C4D607B21D66AA76006C5E55 /* Frameworks */ = {
			isa = PBXFrameworksBuildPhase;
			buildActionMask = 2147483647;
			files = (
			);
			runOnlyForDeploymentPostprocessing = 0;
		};
		C4D607CB1D66AA76006C5E55 /* Frameworks */ = {
			isa = PBXFrameworksBuildPhase;
			buildActionMask = 2147483647;
			files = (
			);
			runOnlyForDeploymentPostprocessing = 0;
		};
		C4D607D61D66AA76006C5E55 /* Frameworks */ = {
			isa = PBXFrameworksBuildPhase;
			buildActionMask = 2147483647;
			files = (
			);
			runOnlyForDeploymentPostprocessing = 0;
		};
/* End PBXFrameworksBuildPhase section */

/* Begin PBXGroup section */
		C474A0891D6A9DCA007AAF37 /* NSArray */ = {
			isa = PBXGroup;
			children = (
				C474A08A1D6A9E30007AAF37 /* NSArray+GoEmptyJudge.h */,
				C474A08B1D6A9E30007AAF37 /* NSArray+GoEmptyJudge.m */,
			);
			path = NSArray;
			sourceTree = "<group>";
		};
		C4D607AC1D66AA76006C5E55 = {
			isa = PBXGroup;
			children = (
				C4D608161D66B81D006C5E55 /* GoKit */,
				C4D607B71D66AA76006C5E55 /* GoKitDemo */,
				C4D607D11D66AA76006C5E55 /* GoKitDemoTests */,
				C4D607DC1D66AA76006C5E55 /* GoKitDemoUITests */,
				C4D607B61D66AA76006C5E55 /* Products */,
			);
			sourceTree = "<group>";
		};
		C4D607B61D66AA76006C5E55 /* Products */ = {
			isa = PBXGroup;
			children = (
				C4D607B51D66AA76006C5E55 /* GoKitDemo.app */,
				C4D607CE1D66AA76006C5E55 /* GoKitDemoTests.xctest */,
				C4D607D91D66AA76006C5E55 /* GoKitDemoUITests.xctest */,
			);
			name = Products;
			sourceTree = "<group>";
		};
		C4D607B71D66AA76006C5E55 /* GoKitDemo */ = {
			isa = PBXGroup;
			children = (
				C4D607BB1D66AA76006C5E55 /* AppDelegate.h */,
				C4D607BC1D66AA76006C5E55 /* AppDelegate.m */,
				C4D607BE1D66AA76006C5E55 /* ViewController.h */,
				C4D607BF1D66AA76006C5E55 /* ViewController.m */,
				C4D608241D66B9ED006C5E55 /* TableViewController.h */,
				C4D608251D66B9ED006C5E55 /* TableViewController.m */,
				C4D607C11D66AA76006C5E55 /* Main.storyboard */,
				C4D607C41D66AA76006C5E55 /* Assets.xcassets */,
				C4D607C61D66AA76006C5E55 /* LaunchScreen.storyboard */,
				C4D607C91D66AA76006C5E55 /* Info.plist */,
				C4D607B81D66AA76006C5E55 /* Supporting Files */,
			);
			path = GoKitDemo;
			sourceTree = "<group>";
		};
		C4D607B81D66AA76006C5E55 /* Supporting Files */ = {
			isa = PBXGroup;
			children = (
				C4D607B91D66AA76006C5E55 /* main.m */,
			);
			name = "Supporting Files";
			sourceTree = "<group>";
		};
		C4D607D11D66AA76006C5E55 /* GoKitDemoTests */ = {
			isa = PBXGroup;
			children = (
				C4D607D21D66AA76006C5E55 /* GoKitDemoTests.m */,
				C4D607D41D66AA76006C5E55 /* Info.plist */,
			);
			path = GoKitDemoTests;
			sourceTree = "<group>";
		};
		C4D607DC1D66AA76006C5E55 /* GoKitDemoUITests */ = {
			isa = PBXGroup;
			children = (
				C4D607DD1D66AA76006C5E55 /* GoKitDemoUITests.m */,
				C4D607DF1D66AA76006C5E55 /* Info.plist */,
			);
			path = GoKitDemoUITests;
			sourceTree = "<group>";
		};
		C4D608161D66B81D006C5E55 /* GoKit */ = {
			isa = PBXGroup;
			children = (
				C4D608171D66B81D006C5E55 /* GoKit.h */,
				C474A0891D6A9DCA007AAF37 /* NSArray */,
				C4D608351D66DC03006C5E55 /* NSDictionary */,
				C4D6082E1D66DAA7006C5E55 /* NSData */,
				C4D608271D66BEE7006C5E55 /* UIColor */,
				C4D608181D66B81D006C5E55 /* UIButton */,
				C4D6081B1D66B81D006C5E55 /* UIImage */,
				C4D6081E1D66B81D006C5E55 /* UIView */,
			);
			name = GoKit;
			path = ../GoKit;
			sourceTree = "<group>";
		};
		C4D608181D66B81D006C5E55 /* UIButton */ = {
			isa = PBXGroup;
			children = (
				C4D608191D66B81D006C5E55 /* UIButton+GoBlock.h */,
				C4D6081A1D66B81D006C5E55 /* UIButton+GoBlock.m */,
			);
			path = UIButton;
			sourceTree = "<group>";
		};
		C4D6081B1D66B81D006C5E55 /* UIImage */ = {
			isa = PBXGroup;
			children = (
				C4D6081C1D66B81D006C5E55 /* UIImage+GoWaterMark.h */,
				C4D6081D1D66B81D006C5E55 /* UIImage+GoWaterMark.m */,
				C4D6083F1D66DEFF006C5E55 /* UIImage+GoAverageColor.h */,
				C4D608401D66DEFF006C5E55 /* UIImage+GoAverageColor.m */,
			);
			path = UIImage;
			sourceTree = "<group>";
		};
		C4D6081E1D66B81D006C5E55 /* UIView */ = {
			isa = PBXGroup;
			children = (
				C46449731D9146EE00D42E7A /* UIView+CellIndetifier.h */,
				C46449741D9146EE00D42E7A /* UIView+CellIndetifier.m */,
				C4D6081F1D66B81D006C5E55 /* UIView+GoBlur.h */,
				C4D608201D66B81D006C5E55 /* UIView+GoBlur.m */,
				C4D608391D66DCCE006C5E55 /* UIView+GoPostionExtension.h */,
				C4D6083A1D66DCCE006C5E55 /* UIView+GoPostionExtension.m */,
				C4D6083C1D66DECB006C5E55 /* UIView+GoGradientColor.h */,
				C4D6083D1D66DECB006C5E55 /* UIView+GoGradientColor.m */,
			);
			path = UIView;
			sourceTree = "<group>";
		};
		C4D608271D66BEE7006C5E55 /* UIColor */ = {
			isa = PBXGroup;
			children = (
				C4D608281D66BF0D006C5E55 /* UIColor+RandomColor.h */,
				C4D608291D66BF0D006C5E55 /* UIColor+RandomColor.m */,
				C4D6082B1D66D98F006C5E55 /* UIColor+HexColor.h */,
				C4D6082C1D66D98F006C5E55 /* UIColor+HexColor.m */,
			);
			path = UIColor;
			sourceTree = "<group>";
		};
		C4D6082E1D66DAA7006C5E55 /* NSData */ = {
			isa = PBXGroup;
			children = (
				C4D608321D66DAF2006C5E55 /* NSData+GoEncryption.h */,
				C4D608331D66DAF2006C5E55 /* NSData+GoEncryption.m */,
			);
			path = NSData;
			sourceTree = "<group>";
		};
		C4D608351D66DC03006C5E55 /* NSDictionary */ = {
			isa = PBXGroup;
			children = (
				C4D608361D66DC1E006C5E55 /* NSDictionary+GoJSONSerialization.h */,
				C4D608371D66DC1E006C5E55 /* NSDictionary+GoJSONSerialization.m */,
			);
			path = NSDictionary;
			sourceTree = "<group>";
		};
/* End PBXGroup section */

/* Begin PBXNativeTarget section */
		C4D607B41D66AA76006C5E55 /* GoKitDemo */ = {
			isa = PBXNativeTarget;
			buildConfigurationList = C4D607E21D66AA76006C5E55 /* Build configuration list for PBXNativeTarget "GoKitDemo" */;
			buildPhases = (
				C4D607B11D66AA76006C5E55 /* Sources */,
				C4D607B21D66AA76006C5E55 /* Frameworks */,
				C4D607B31D66AA76006C5E55 /* Resources */,
			);
			buildRules = (
			);
			dependencies = (
			);
			name = GoKitDemo;
			productName = GoKitDemo;
			productReference = C4D607B51D66AA76006C5E55 /* GoKitDemo.app */;
			productType = "com.apple.product-type.application";
		};
		C4D607CD1D66AA76006C5E55 /* GoKitDemoTests */ = {
			isa = PBXNativeTarget;
			buildConfigurationList = C4D607E51D66AA76006C5E55 /* Build configuration list for PBXNativeTarget "GoKitDemoTests" */;
			buildPhases = (
				C4D607CA1D66AA76006C5E55 /* Sources */,
				C4D607CB1D66AA76006C5E55 /* Frameworks */,
				C4D607CC1D66AA76006C5E55 /* Resources */,
			);
			buildRules = (
			);
			dependencies = (
				C4D607D01D66AA76006C5E55 /* PBXTargetDependency */,
			);
			name = GoKitDemoTests;
			productName = GoKitDemoTests;
			productReference = C4D607CE1D66AA76006C5E55 /* GoKitDemoTests.xctest */;
			productType = "com.apple.product-type.bundle.unit-test";
		};
		C4D607D81D66AA76006C5E55 /* GoKitDemoUITests */ = {
			isa = PBXNativeTarget;
			buildConfigurationList = C4D607E81D66AA76006C5E55 /* Build configuration list for PBXNativeTarget "GoKitDemoUITests" */;
			buildPhases = (
				C4D607D51D66AA76006C5E55 /* Sources */,
				C4D607D61D66AA76006C5E55 /* Frameworks */,
				C4D607D71D66AA76006C5E55 /* Resources */,
			);
			buildRules = (
			);
			dependencies = (
				C4D607DB1D66AA76006C5E55 /* PBXTargetDependency */,
			);
			name = GoKitDemoUITests;
			productName = GoKitDemoUITests;
			productReference = C4D607D91D66AA76006C5E55 /* GoKitDemoUITests.xctest */;
			productType = "com.apple.product-type.bundle.ui-testing";
		};
/* End PBXNativeTarget section */

/* Begin PBXProject section */
		C4D607AD1D66AA76006C5E55 /* Project object */ = {
			isa = PBXProject;
			attributes = {
				LastUpgradeCheck = 0730;
				ORGANIZATIONNAME = "Beijing ChunFengShiLi Technology Co., Ltd.";
				TargetAttributes = {
					C4D607B41D66AA76006C5E55 = {
						CreatedOnToolsVersion = 7.3.1;
					};
					C4D607CD1D66AA76006C5E55 = {
						CreatedOnToolsVersion = 7.3.1;
						TestTargetID = C4D607B41D66AA76006C5E55;
					};
					C4D607D81D66AA76006C5E55 = {
						CreatedOnToolsVersion = 7.3.1;
						TestTargetID = C4D607B41D66AA76006C5E55;
					};
				};
			};
			buildConfigurationList = C4D607B01D66AA76006C5E55 /* Build configuration list for PBXProject "GoKitDemo" */;
			compatibilityVersion = "Xcode 3.2";
			developmentRegion = English;
			hasScannedForEncodings = 0;
			knownRegions = (
				en,
				Base,
			);
			mainGroup = C4D607AC1D66AA76006C5E55;
			productRefGroup = C4D607B61D66AA76006C5E55 /* Products */;
			projectDirPath = "";
			projectRoot = "";
			targets = (
				C4D607B41D66AA76006C5E55 /* GoKitDemo */,
				C4D607CD1D66AA76006C5E55 /* GoKitDemoTests */,
				C4D607D81D66AA76006C5E55 /* GoKitDemoUITests */,
			);
		};
/* End PBXProject section */

/* Begin PBXResourcesBuildPhase section */
		C4D607B31D66AA76006C5E55 /* Resources */ = {
			isa = PBXResourcesBuildPhase;
			buildActionMask = 2147483647;
			files = (
				C4D607C81D66AA76006C5E55 /* LaunchScreen.storyboard in Resources */,
				C4D607C51D66AA76006C5E55 /* Assets.xcassets in Resources */,
				C4D607C31D66AA76006C5E55 /* Main.storyboard in Resources */,
			);
			runOnlyForDeploymentPostprocessing = 0;
		};
		C4D607CC1D66AA76006C5E55 /* Resources */ = {
			isa = PBXResourcesBuildPhase;
			buildActionMask = 2147483647;
			files = (
			);
			runOnlyForDeploymentPostprocessing = 0;
		};
		C4D607D71D66AA76006C5E55 /* Resources */ = {
			isa = PBXResourcesBuildPhase;
			buildActionMask = 2147483647;
			files = (
			);
			runOnlyForDeploymentPostprocessing = 0;
		};
/* End PBXResourcesBuildPhase section */

/* Begin PBXSourcesBuildPhase section */
		C4D607B11D66AA76006C5E55 /* Sources */ = {
			isa = PBXSourcesBuildPhase;
			buildActionMask = 2147483647;
			files = (
				C474A08C1D6A9E30007AAF37 /* NSArray+GoEmptyJudge.m in Sources */,
				C4D6082A1D66BF0D006C5E55 /* UIColor+RandomColor.m in Sources */,
				C4D607C01D66AA76006C5E55 /* ViewController.m in Sources */,
				C4D607BD1D66AA76006C5E55 /* AppDelegate.m in Sources */,
				C4D607BA1D66AA76006C5E55 /* main.m in Sources */,
				C4D608211D66B81D006C5E55 /* UIButton+GoBlock.m in Sources */,
				C4D6083B1D66DCCE006C5E55 /* UIView+GoPostionExtension.m in Sources */,
				C4D6082D1D66D98F006C5E55 /* UIColor+HexColor.m in Sources */,
				C4D608221D66B81D006C5E55 /* UIImage+GoWaterMark.m in Sources */,
				C46449751D9146EE00D42E7A /* UIView+CellIndetifier.m in Sources */,
				C4D6083E1D66DECB006C5E55 /* UIView+GoGradientColor.m in Sources */,
				C4D608381D66DC1E006C5E55 /* NSDictionary+GoJSONSerialization.m in Sources */,
				C4D608261D66B9ED006C5E55 /* TableViewController.m in Sources */,
				C4D608411D66DEFF006C5E55 /* UIImage+GoAverageColor.m in Sources */,
				C4D608231D66B81D006C5E55 /* UIView+GoBlur.m in Sources */,
				C4D608341D66DAF2006C5E55 /* NSData+GoEncryption.m in Sources */,
			);
			runOnlyForDeploymentPostprocessing = 0;
		};
		C4D607CA1D66AA76006C5E55 /* Sources */ = {
			isa = PBXSourcesBuildPhase;
			buildActionMask = 2147483647;
			files = (
				C4D607D31D66AA76006C5E55 /* GoKitDemoTests.m in Sources */,
			);
			runOnlyForDeploymentPostprocessing = 0;
		};
		C4D607D51D66AA76006C5E55 /* Sources */ = {
			isa = PBXSourcesBuildPhase;
			buildActionMask = 2147483647;
			files = (
				C4D607DE1D66AA76006C5E55 /* GoKitDemoUITests.m in Sources */,
			);
			runOnlyForDeploymentPostprocessing = 0;
		};
/* End PBXSourcesBuildPhase section */

/* Begin PBXTargetDependency section */
		C4D607D01D66AA76006C5E55 /* PBXTargetDependency */ = {
			isa = PBXTargetDependency;
			target = C4D607B41D66AA76006C5E55 /* GoKitDemo */;
			targetProxy = C4D607CF1D66AA76006C5E55 /* PBXContainerItemProxy */;
		};
		C4D607DB1D66AA76006C5E55 /* PBXTargetDependency */ = {
			isa = PBXTargetDependency;
			target = C4D607B41D66AA76006C5E55 /* GoKitDemo */;
			targetProxy = C4D607DA1D66AA76006C5E55 /* PBXContainerItemProxy */;
		};
/* End PBXTargetDependency section */

/* Begin PBXVariantGroup section */
		C4D607C11D66AA76006C5E55 /* Main.storyboard */ = {
			isa = PBXVariantGroup;
			children = (
				C4D607C21D66AA76006C5E55 /* Base */,
			);
			name = Main.storyboard;
			sourceTree = "<group>";
		};
		C4D607C61D66AA76006C5E55 /* LaunchScreen.storyboard */ = {
			isa = PBXVariantGroup;
			children = (
				C4D607C71D66AA76006C5E55 /* Base */,
			);
			name = LaunchScreen.storyboard;
			sourceTree = "<group>";
		};
/* End PBXVariantGroup section */

/* Begin XCBuildConfiguration section */
		C4D607E01D66AA76006C5E55 /* Debug */ = {
			isa = XCBuildConfiguration;
			buildSettings = {
				ALWAYS_SEARCH_USER_PATHS = NO;
				CLANG_ANALYZER_NONNULL = YES;
				CLANG_CXX_LANGUAGE_STANDARD = "gnu++0x";
				CLANG_CXX_LIBRARY = "libc++";
				CLANG_ENABLE_MODULES = YES;
				CLANG_ENABLE_OBJC_ARC = YES;
				CLANG_WARN_BOOL_CONVERSION = YES;
				CLANG_WARN_CONSTANT_CONVERSION = YES;
				CLANG_WARN_DIRECT_OBJC_ISA_USAGE = YES_ERROR;
				CLANG_WARN_EMPTY_BODY = YES;
				CLANG_WARN_ENUM_CONVERSION = YES;
				CLANG_WARN_INT_CONVERSION = YES;
				CLANG_WARN_OBJC_ROOT_CLASS = YES_ERROR;
				CLANG_WARN_UNREACHABLE_CODE = YES;
				CLANG_WARN__DUPLICATE_METHOD_MATCH = YES;
				"CODE_SIGN_IDENTITY[sdk=iphoneos*]" = "iPhone Developer";
				COPY_PHASE_STRIP = NO;
				DEBUG_INFORMATION_FORMAT = dwarf;
				ENABLE_STRICT_OBJC_MSGSEND = YES;
				ENABLE_TESTABILITY = YES;
				GCC_C_LANGUAGE_STANDARD = gnu99;
				GCC_DYNAMIC_NO_PIC = NO;
				GCC_NO_COMMON_BLOCKS = YES;
				GCC_OPTIMIZATION_LEVEL = 0;
				GCC_PREPROCESSOR_DEFINITIONS = (
					"DEBUG=1",
					"$(inherited)",
				);
				GCC_WARN_64_TO_32_BIT_CONVERSION = YES;
				GCC_WARN_ABOUT_RETURN_TYPE = YES_ERROR;
				GCC_WARN_UNDECLARED_SELECTOR = YES;
				GCC_WARN_UNINITIALIZED_AUTOS = YES_AGGRESSIVE;
				GCC_WARN_UNUSED_FUNCTION = YES;
				GCC_WARN_UNUSED_VARIABLE = YES;
				IPHONEOS_DEPLOYMENT_TARGET = 9.3;
				MTL_ENABLE_DEBUG_INFO = YES;
				ONLY_ACTIVE_ARCH = YES;
				SDKROOT = iphoneos;
			};
			name = Debug;
		};
		C4D607E11D66AA76006C5E55 /* Release */ = {
			isa = XCBuildConfiguration;
			buildSettings = {
				ALWAYS_SEARCH_USER_PATHS = NO;
				CLANG_ANALYZER_NONNULL = YES;
				CLANG_CXX_LANGUAGE_STANDARD = "gnu++0x";
				CLANG_CXX_LIBRARY = "libc++";
				CLANG_ENABLE_MODULES = YES;
				CLANG_ENABLE_OBJC_ARC = YES;
				CLANG_WARN_BOOL_CONVERSION = YES;
				CLANG_WARN_CONSTANT_CONVERSION = YES;
				CLANG_WARN_DIRECT_OBJC_ISA_USAGE = YES_ERROR;
				CLANG_WARN_EMPTY_BODY = YES;
				CLANG_WARN_ENUM_CONVERSION = YES;
				CLANG_WARN_INT_CONVERSION = YES;
				CLANG_WARN_OBJC_ROOT_CLASS = YES_ERROR;
				CLANG_WARN_UNREACHABLE_CODE = YES;
				CLANG_WARN__DUPLICATE_METHOD_MATCH = YES;
				"CODE_SIGN_IDENTITY[sdk=iphoneos*]" = "iPhone Developer";
				COPY_PHASE_STRIP = NO;
				DEBUG_INFORMATION_FORMAT = "dwarf-with-dsym";
				ENABLE_NS_ASSERTIONS = NO;
				ENABLE_STRICT_OBJC_MSGSEND = YES;
				GCC_C_LANGUAGE_STANDARD = gnu99;
				GCC_NO_COMMON_BLOCKS = YES;
				GCC_WARN_64_TO_32_BIT_CONVERSION = YES;
				GCC_WARN_ABOUT_RETURN_TYPE = YES_ERROR;
				GCC_WARN_UNDECLARED_SELECTOR = YES;
				GCC_WARN_UNINITIALIZED_AUTOS = YES_AGGRESSIVE;
				GCC_WARN_UNUSED_FUNCTION = YES;
				GCC_WARN_UNUSED_VARIABLE = YES;
				IPHONEOS_DEPLOYMENT_TARGET = 9.3;
				MTL_ENABLE_DEBUG_INFO = NO;
				SDKROOT = iphoneos;
				VALIDATE_PRODUCT = YES;
			};
			name = Release;
		};
		C4D607E31D66AA76006C5E55 /* Debug */ = {
			isa = XCBuildConfiguration;
			buildSettings = {
				ASSETCATALOG_COMPILER_APPICON_NAME = AppIcon;
				INFOPLIST_FILE = GoKitDemo/Info.plist;
				LD_RUNPATH_SEARCH_PATHS = "$(inherited) @executable_path/Frameworks";
				PRODUCT_BUNDLE_IDENTIFIER = com.gobo.GoKitDemo;
				PRODUCT_NAME = "$(TARGET_NAME)";
			};
			name = Debug;
		};
		C4D607E41D66AA76006C5E55 /* Release */ = {
			isa = XCBuildConfiguration;
			buildSettings = {
				ASSETCATALOG_COMPILER_APPICON_NAME = AppIcon;
				INFOPLIST_FILE = GoKitDemo/Info.plist;
				LD_RUNPATH_SEARCH_PATHS = "$(inherited) @executable_path/Frameworks";
				PRODUCT_BUNDLE_IDENTIFIER = com.gobo.GoKitDemo;
				PRODUCT_NAME = "$(TARGET_NAME)";
			};
			name = Release;
		};
		C4D607E61D66AA76006C5E55 /* Debug */ = {
			isa = XCBuildConfiguration;
			buildSettings = {
				BUNDLE_LOADER = "$(TEST_HOST)";
				INFOPLIST_FILE = GoKitDemoTests/Info.plist;
				LD_RUNPATH_SEARCH_PATHS = "$(inherited) @executable_path/Frameworks @loader_path/Frameworks";
				PRODUCT_BUNDLE_IDENTIFIER = com.gobo.GoKitDemoTests;
				PRODUCT_NAME = "$(TARGET_NAME)";
				TEST_HOST = "$(BUILT_PRODUCTS_DIR)/GoKitDemo.app/GoKitDemo";
			};
			name = Debug;
		};
		C4D607E71D66AA76006C5E55 /* Release */ = {
			isa = XCBuildConfiguration;
			buildSettings = {
				BUNDLE_LOADER = "$(TEST_HOST)";
				INFOPLIST_FILE = GoKitDemoTests/Info.plist;
				LD_RUNPATH_SEARCH_PATHS = "$(inherited) @executable_path/Frameworks @loader_path/Frameworks";
				PRODUCT_BUNDLE_IDENTIFIER = com.gobo.GoKitDemoTests;
				PRODUCT_NAME = "$(TARGET_NAME)";
				TEST_HOST = "$(BUILT_PRODUCTS_DIR)/GoKitDemo.app/GoKitDemo";
			};
			name = Release;
		};
		C4D607E91D66AA76006C5E55 /* Debug */ = {
			isa = XCBuildConfiguration;
			buildSettings = {
				INFOPLIST_FILE = GoKitDemoUITests/Info.plist;
				LD_RUNPATH_SEARCH_PATHS = "$(inherited) @executable_path/Frameworks @loader_path/Frameworks";
				PRODUCT_BUNDLE_IDENTIFIER = com.gobo.GoKitDemoUITests;
				PRODUCT_NAME = "$(TARGET_NAME)";
				TEST_TARGET_NAME = GoKitDemo;
			};
			name = Debug;
		};
		C4D607EA1D66AA76006C5E55 /* Release */ = {
			isa = XCBuildConfiguration;
			buildSettings = {
				INFOPLIST_FILE = GoKitDemoUITests/Info.plist;
				LD_RUNPATH_SEARCH_PATHS = "$(inherited) @executable_path/Frameworks @loader_path/Frameworks";
				PRODUCT_BUNDLE_IDENTIFIER = com.gobo.GoKitDemoUITests;
				PRODUCT_NAME = "$(TARGET_NAME)";
				TEST_TARGET_NAME = GoKitDemo;
			};
			name = Release;
		};
/* End XCBuildConfiguration section */

/* Begin XCConfigurationList section */
		C4D607B01D66AA76006C5E55 /* Build configuration list for PBXProject "GoKitDemo" */ = {
			isa = XCConfigurationList;
			buildConfigurations = (
				C4D607E01D66AA76006C5E55 /* Debug */,
				C4D607E11D66AA76006C5E55 /* Release */,
			);
			defaultConfigurationIsVisible = 0;
			defaultConfigurationName = Release;
		};
		C4D607E21D66AA76006C5E55 /* Build configuration list for PBXNativeTarget "GoKitDemo" */ = {
			isa = XCConfigurationList;
			buildConfigurations = (
				C4D607E31D66AA76006C5E55 /* Debug */,
				C4D607E41D66AA76006C5E55 /* Release */,
			);
			defaultConfigurationIsVisible = 0;
			defaultConfigurationName = Release;
		};
		C4D607E51D66AA76006C5E55 /* Build configuration list for PBXNativeTarget "GoKitDemoTests" */ = {
			isa = XCConfigurationList;
			buildConfigurations = (
				C4D607E61D66AA76006C5E55 /* Debug */,
				C4D607E71D66AA76006C5E55 /* Release */,
			);
			defaultConfigurationIsVisible = 0;
			defaultConfigurationName = Release;
		};
		C4D607E81D66AA76006C5E55 /* Build configuration list for PBXNativeTarget "GoKitDemoUITests" */ = {
			isa = XCConfigurationList;
			buildConfigurations = (
				C4D607E91D66AA76006C5E55 /* Debug */,
				C4D607EA1D66AA76006C5E55 /* Release */,
			);
			defaultConfigurationIsVisible = 0;
			defaultConfigurationName = Release;
		};
/* End XCConfigurationList section */
	};
	rootObject = C4D607AD1D66AA76006C5E55 /* Project object */;
}
